
Microsoft Visual Studio Solution File, Format Version 12.00
# Visual Studio Version 17
VisualStudioVersion = 17.8.34330.188
MinimumVisualStudioVersion = 10.0.40219.1
Project("{FAE04EC0-301F-11D3-BF4B-00C04F79EFBC}") = "Barcode", "Barcode.csproj", "{284449F4-497A-4606-84D4-E5AB82A36445}"
EndProject
Global
	GlobalSection(SolutionConfigurationPlatforms) = preSolution
		Debug|Any CPU = Debug|Any CPU
		Release|Any CPU = Release|Any CPU
	EndGlobalSection
	GlobalSection(ProjectConfigurationPlatforms) = postSolution
		{284449F4-497A-4606-84D4-E5AB82A36445}.Debug|Any CPU.ActiveCfg = Debug|Any CPU
		{284449F4-497A-4606-84D4-E5AB82A36445}.Debug|Any CPU.Build.0 = Debug|Any CPU
		{284449F4-497A-4606-84D4-E5AB82A36445}.Release|Any CPU.ActiveCfg = Release|Any CPU
		{284449F4-497A-4606-84D4-E5AB82A36445}.Release|Any CPU.Build.0 = Release|Any CPU
	EndGlobalSection
	GlobalSection(SolutionProperties) = preSolution
		HideSolutionNode = FALSE
	EndGlobalSection
	GlobalSection(ExtensibilityGlobals) = postSolution
		SolutionGuid = {B4B4553B-A44B-474C-BF2D-EE0927C5C867}
	EndGlobalSection
EndGlobal
